
Microsoft Visual Studio Solution File, Format Version 12.00
# Visual Studio Version 17
VisualStudioVersion = 17.7.34202.233
MinimumVisualStudioVersion = 10.0.40219.1
Project("{FAE04EC0-301F-11D3-BF4B-00C04F79EFBC}") = "Lavanderia", "Lavanderia\Lavanderia.csproj", "{699D6FED-D694-4AA8-B154-D2F8B57101FE}"
EndProject
Global
	GlobalSection(SolutionConfigurationPlatforms) = preSolution
		Debug|Any CPU = Debug|Any CPU
		Release|Any CPU = Release|Any CPU
	EndGlobalSection
	GlobalSection(ProjectConfigurationPlatforms) = postSolution
		{699D6FED-D694-4AA8-B154-D2F8B57101FE}.Debug|Any CPU.ActiveCfg = Debug|Any CPU
		{699D6FED-D694-4AA8-B154-D2F8B57101FE}.Debug|Any CPU.Build.0 = Debug|Any CPU
		{699D6FED-D694-4AA8-B154-D2F8B57101FE}.Release|Any CPU.ActiveCfg = Release|Any CPU
		{699D6FED-D694-4AA8-B154-D2F8B57101FE}.Release|Any CPU.Build.0 = Release|Any CPU
	EndGlobalSection
	GlobalSection(SolutionProperties) = preSolution
		HideSolutionNode = FALSE
	EndGlobalSection
	GlobalSection(ExtensibilityGlobals) = postSolution
		SolutionGuid = {0D61B31A-77D6-48DE-BCE8-21D1AE7DB6A5}
	EndGlobalSection
EndGlobal
