
Microsoft Visual Studio Solution File, Format Version 12.00
# Visual Studio Version 17
VisualStudioVersion = 17.7.34202.233
MinimumVisualStudioVersion = 10.0.40219.1
Project("{FAE04EC0-301F-11D3-BF4B-00C04F79EFBC}") = "ConversaoTempo", "ConversaoTempo\ConversaoTempo.csproj", "{62E32E4E-F4CF-4499-BF77-6C611E9C8887}"
EndProject
Global
	GlobalSection(SolutionConfigurationPlatforms) = preSolution
		Debug|Any CPU = Debug|Any CPU
		Release|Any CPU = Release|Any CPU
	EndGlobalSection
	GlobalSection(ProjectConfigurationPlatforms) = postSolution
		{62E32E4E-F4CF-4499-BF77-6C611E9C8887}.Debug|Any CPU.ActiveCfg = Debug|Any CPU
		{62E32E4E-F4CF-4499-BF77-6C611E9C8887}.Debug|Any CPU.Build.0 = Debug|Any CPU
		{62E32E4E-F4CF-4499-BF77-6C611E9C8887}.Release|Any CPU.ActiveCfg = Release|Any CPU
		{62E32E4E-F4CF-4499-BF77-6C611E9C8887}.Release|Any CPU.Build.0 = Release|Any CPU
	EndGlobalSection
	GlobalSection(SolutionProperties) = preSolution
		HideSolutionNode = FALSE
	EndGlobalSection
	GlobalSection(ExtensibilityGlobals) = postSolution
		SolutionGuid = {3B4AC8B8-B3CD-4CB7-A856-0BFC0BC38898}
	EndGlobalSection
EndGlobal
