
Microsoft Visual Studio Solution File, Format Version 12.00
# Visual Studio Version 17
VisualStudioVersion = 17.7.34202.233
MinimumVisualStudioVersion = 10.0.40219.1
Project("{FAE04EC0-301F-11D3-BF4B-00C04F79EFBC}") = "Intervalo", "Intervalo\Intervalo.csproj", "{0A027B7B-3374-4934-AA9E-3026D691C087}"
EndProject
Global
	GlobalSection(SolutionConfigurationPlatforms) = preSolution
		Debug|Any CPU = Debug|Any CPU
		Release|Any CPU = Release|Any CPU
	EndGlobalSection
	GlobalSection(ProjectConfigurationPlatforms) = postSolution
		{0A027B7B-3374-4934-AA9E-3026D691C087}.Debug|Any CPU.ActiveCfg = Debug|Any CPU
		{0A027B7B-3374-4934-AA9E-3026D691C087}.Debug|Any CPU.Build.0 = Debug|Any CPU
		{0A027B7B-3374-4934-AA9E-3026D691C087}.Release|Any CPU.ActiveCfg = Release|Any CPU
		{0A027B7B-3374-4934-AA9E-3026D691C087}.Release|Any CPU.Build.0 = Release|Any CPU
	EndGlobalSection
	GlobalSection(SolutionProperties) = preSolution
		HideSolutionNode = FALSE
	EndGlobalSection
	GlobalSection(ExtensibilityGlobals) = postSolution
		SolutionGuid = {B2CE1490-04F1-409E-9130-7DDC4B169D37}
	EndGlobalSection
EndGlobal
