
Microsoft Visual Studio Solution File, Format Version 12.00
# Visual Studio Version 17
VisualStudioVersion = 17.7.34202.233
MinimumVisualStudioVersion = 10.0.40219.1
Project("{FAE04EC0-301F-11D3-BF4B-00C04F79EFBC}") = "GastoCombustivel", "GastoCombustivel\GastoCombustivel.csproj", "{5AE28960-5D21-4307-8B16-8B724B8F1D86}"
EndProject
Global
	GlobalSection(SolutionConfigurationPlatforms) = preSolution
		Debug|Any CPU = Debug|Any CPU
		Release|Any CPU = Release|Any CPU
	EndGlobalSection
	GlobalSection(ProjectConfigurationPlatforms) = postSolution
		{5AE28960-5D21-4307-8B16-8B724B8F1D86}.Debug|Any CPU.ActiveCfg = Debug|Any CPU
		{5AE28960-5D21-4307-8B16-8B724B8F1D86}.Debug|Any CPU.Build.0 = Debug|Any CPU
		{5AE28960-5D21-4307-8B16-8B724B8F1D86}.Release|Any CPU.ActiveCfg = Release|Any CPU
		{5AE28960-5D21-4307-8B16-8B724B8F1D86}.Release|Any CPU.Build.0 = Release|Any CPU
	EndGlobalSection
	GlobalSection(SolutionProperties) = preSolution
		HideSolutionNode = FALSE
	EndGlobalSection
	GlobalSection(ExtensibilityGlobals) = postSolution
		SolutionGuid = {7DE1EE62-35CF-412A-BC04-8C71B269E6F3}
	EndGlobalSection
EndGlobal
