
Microsoft Visual Studio Solution File, Format Version 12.00
# Visual Studio Version 17
VisualStudioVersion = 17.6.33723.286
MinimumVisualStudioVersion = 10.0.40219.1
Project("{FAE04EC0-301F-11D3-BF4B-00C04F79EFBC}") = "MatrizSimetrica", "MatrizSimetrica\MatrizSimetrica.csproj", "{B21BEA98-39F2-4F73-8E1C-FC06D0B58F21}"
EndProject
Global
	GlobalSection(SolutionConfigurationPlatforms) = preSolution
		Debug|Any CPU = Debug|Any CPU
		Release|Any CPU = Release|Any CPU
	EndGlobalSection
	GlobalSection(ProjectConfigurationPlatforms) = postSolution
		{B21BEA98-39F2-4F73-8E1C-FC06D0B58F21}.Debug|Any CPU.ActiveCfg = Debug|Any CPU
		{B21BEA98-39F2-4F73-8E1C-FC06D0B58F21}.Debug|Any CPU.Build.0 = Debug|Any CPU
		{B21BEA98-39F2-4F73-8E1C-FC06D0B58F21}.Release|Any CPU.ActiveCfg = Release|Any CPU
		{B21BEA98-39F2-4F73-8E1C-FC06D0B58F21}.Release|Any CPU.Build.0 = Release|Any CPU
	EndGlobalSection
	GlobalSection(SolutionProperties) = preSolution
		HideSolutionNode = FALSE
	EndGlobalSection
	GlobalSection(ExtensibilityGlobals) = postSolution
		SolutionGuid = {269FB09D-0E97-4FD6-8479-4412F2C4E368}
	EndGlobalSection
EndGlobal
