
Microsoft Visual Studio Solution File, Format Version 12.00
# Visual Studio Version 17
VisualStudioVersion = 17.7.34202.233
MinimumVisualStudioVersion = 10.0.40219.1
Project("{FAE04EC0-301F-11D3-BF4B-00C04F79EFBC}") = "Azkaban", "Azkaban\Azkaban.csproj", "{850B4619-D1C5-4B41-897E-4AE483CF1A23}"
EndProject
Global
	GlobalSection(SolutionConfigurationPlatforms) = preSolution
		Debug|Any CPU = Debug|Any CPU
		Release|Any CPU = Release|Any CPU
	EndGlobalSection
	GlobalSection(ProjectConfigurationPlatforms) = postSolution
		{850B4619-D1C5-4B41-897E-4AE483CF1A23}.Debug|Any CPU.ActiveCfg = Debug|Any CPU
		{850B4619-D1C5-4B41-897E-4AE483CF1A23}.Debug|Any CPU.Build.0 = Debug|Any CPU
		{850B4619-D1C5-4B41-897E-4AE483CF1A23}.Release|Any CPU.ActiveCfg = Release|Any CPU
		{850B4619-D1C5-4B41-897E-4AE483CF1A23}.Release|Any CPU.Build.0 = Release|Any CPU
	EndGlobalSection
	GlobalSection(SolutionProperties) = preSolution
		HideSolutionNode = FALSE
	EndGlobalSection
	GlobalSection(ExtensibilityGlobals) = postSolution
		SolutionGuid = {B163FBDC-2A9A-42B4-8622-0036137098C9}
	EndGlobalSection
EndGlobal
