
Microsoft Visual Studio Solution File, Format Version 12.00
# Visual Studio Version 17
VisualStudioVersion = 17.7.34202.233
MinimumVisualStudioVersion = 10.0.40219.1
Project("{FAE04EC0-301F-11D3-BF4B-00C04F79EFBC}") = "DistanciaEntre2Pontos", "DistanciaEntre2Pontos\DistanciaEntre2Pontos.csproj", "{093373F2-E0C3-42D4-A128-7B9B2B79D778}"
EndProject
Global
	GlobalSection(SolutionConfigurationPlatforms) = preSolution
		Debug|Any CPU = Debug|Any CPU
		Release|Any CPU = Release|Any CPU
	EndGlobalSection
	GlobalSection(ProjectConfigurationPlatforms) = postSolution
		{093373F2-E0C3-42D4-A128-7B9B2B79D778}.Debug|Any CPU.ActiveCfg = Debug|Any CPU
		{093373F2-E0C3-42D4-A128-7B9B2B79D778}.Debug|Any CPU.Build.0 = Debug|Any CPU
		{093373F2-E0C3-42D4-A128-7B9B2B79D778}.Release|Any CPU.ActiveCfg = Release|Any CPU
		{093373F2-E0C3-42D4-A128-7B9B2B79D778}.Release|Any CPU.Build.0 = Release|Any CPU
	EndGlobalSection
	GlobalSection(SolutionProperties) = preSolution
		HideSolutionNode = FALSE
	EndGlobalSection
	GlobalSection(ExtensibilityGlobals) = postSolution
		SolutionGuid = {BE81BBDD-690B-4372-8604-8C2FC458113E}
	EndGlobalSection
EndGlobal
